
Microsoft Visual Studio Solution File, Format Version 12.00
# Visual Studio Version 16
VisualStudioVersion = 16.0.29123.89
MinimumVisualStudioVersion = 10.0.40219.1
Project("{9A19103F-16F7-4668-BE54-9A1E7A4F7556}") = "MyVet.Common", "MyVet.Common\MyVet.Common.csproj", "{8FBE4FF9-BD75-4750-A45C-2C1906A01EB6}"
EndProject
Project("{9A19103F-16F7-4668-BE54-9A1E7A4F7556}") = "MyVet.Web", "MyVet.Web\MyVet.Web.csproj", "{2B5933B6-FCA1-45AA-A0A1-FE33A3CCF295}"
EndProject
Project("{FAE04EC0-301F-11D3-BF4B-00C04F79EFBC}") = "MyVet.Prism", "MyVet.Prism\MyVet.Prism\MyVet.Prism.csproj", "{54981656-CCF0-432A-8686-E1CAEE66B023}"
EndProject
Project("{FAE04EC0-301F-11D3-BF4B-00C04F79EFBC}") = "MyVet.Prism.Android", "MyVet.Prism\MyVet.Prism.Android\MyVet.Prism.Android.csproj", "{55383081-0581-4E9D-A95A-A4DA84BF920E}"
EndProject
Project("{FAE04EC0-301F-11D3-BF4B-00C04F79EFBC}") = "MyVet.Prism.iOS", "MyVet.Prism\MyVet.Prism.iOS\MyVet.Prism.iOS.csproj", "{573A7458-F7C9-4D48-A41D-6EEE6F32E8FA}"
EndProject
Project("{FAE04EC0-301F-11D3-BF4B-00C04F79EFBC}") = "MyVet.Prism.UWP", "MyVet.Prism\MyVet.Prism.UWP\MyVet.Prism.UWP.csproj", "{429C84DA-A9D8-435B-9B46-5F5678035523}"
EndProject
Global
	GlobalSection(SolutionConfigurationPlatforms) = preSolution
		Ad-Hoc|Any CPU = Ad-Hoc|Any CPU
		Ad-Hoc|ARM = Ad-Hoc|ARM
		Ad-Hoc|iPhone = Ad-Hoc|iPhone
		Ad-Hoc|iPhoneSimulator = Ad-Hoc|iPhoneSimulator
		Ad-Hoc|x64 = Ad-Hoc|x64
		Ad-Hoc|x86 = Ad-Hoc|x86
		AppStore|Any CPU = AppStore|Any CPU
		AppStore|ARM = AppStore|ARM
		AppStore|iPhone = AppStore|iPhone
		AppStore|iPhoneSimulator = AppStore|iPhoneSimulator
		AppStore|x64 = AppStore|x64
		AppStore|x86 = AppStore|x86
		Debug|Any CPU = Debug|Any CPU
		Debug|ARM = Debug|ARM
		Debug|iPhone = Debug|iPhone
		Debug|iPhoneSimulator = Debug|iPhoneSimulator
		Debug|x64 = Debug|x64
		Debug|x86 = Debug|x86
		Release|Any CPU = Release|Any CPU
		Release|ARM = Release|ARM
		Release|iPhone = Release|iPhone
		Release|iPhoneSimulator = Release|iPhoneSimulator
		Release|x64 = Release|x64
		Release|x86 = Release|x86
	EndGlobalSection
	GlobalSection(ProjectConfigurationPlatforms) = postSolution
		{8FBE4FF9-BD75-4750-A45C-2C1906A01EB6}.Ad-Hoc|Any CPU.ActiveCfg = Release|Any CPU
		{8FBE4FF9-BD75-4750-A45C-2C1906A01EB6}.Ad-Hoc|Any CPU.Build.0 = Release|Any CPU
		{8FBE4FF9-BD75-4750-A45C-2C1906A01EB6}.Ad-Hoc|ARM.ActiveCfg = Release|Any CPU
		{8FBE4FF9-BD75-4750-A45C-2C1906A01EB6}.Ad-Hoc|ARM.Build.0 = Release|Any CPU
		{8FBE4FF9-BD75-4750-A45C-2C1906A01EB6}.Ad-Hoc|iPhone.ActiveCfg = Release|Any CPU
		{8FBE4FF9-BD75-4750-A45C-2C1906A01EB6}.Ad-Hoc|iPhone.Build.0 = Release|Any CPU
		{8FBE4FF9-BD75-4750-A45C-2C1906A01EB6}.Ad-Hoc|iPhoneSimulator.ActiveCfg = Release|Any CPU
		{8FBE4FF9-BD75-4750-A45C-2C1906A01EB6}.Ad-Hoc|iPhoneSimulator.Build.0 = Release|Any CPU
		{8FBE4FF9-BD75-4750-A45C-2C1906A01EB6}.Ad-Hoc|x64.ActiveCfg = Release|Any CPU
		{8FBE4FF9-BD75-4750-A45C-2C1906A01EB6}.Ad-Hoc|x64.Build.0 = Release|Any CPU
		{8FBE4FF9-BD75-4750-A45C-2C1906A01EB6}.Ad-Hoc|x86.ActiveCfg = Release|Any CPU
		{8FBE4FF9-BD75-4750-A45C-2C1906A01EB6}.Ad-Hoc|x86.Build.0 = Release|Any CPU
		{8FBE4FF9-BD75-4750-A45C-2C1906A01EB6}.AppStore|Any CPU.ActiveCfg = Release|Any CPU
		{8FBE4FF9-BD75-4750-A45C-2C1906A01EB6}.AppStore|Any CPU.Build.0 = Release|Any CPU
		{8FBE4FF9-BD75-4750-A45C-2C1906A01EB6}.AppStore|ARM.ActiveCfg = Release|Any CPU
		{8FBE4FF9-BD75-4750-A45C-2C1906A01EB6}.AppStore|ARM.Build.0 = Release|Any CPU
		{8FBE4FF9-BD75-4750-A45C-2C1906A01EB6}.AppStore|iPhone.ActiveCfg = Release|Any CPU
		{8FBE4FF9-BD75-4750-A45C-2C1906A01EB6}.AppStore|iPhone.Build.0 = Release|Any CPU
		{8FBE4FF9-BD75-4750-A45C-2C1906A01EB6}.AppStore|iPhoneSimulator.ActiveCfg = Release|Any CPU
		{8FBE4FF9-BD75-4750-A45C-2C1906A01EB6}.AppStore|iPhoneSimulator.Build.0 = Release|Any CPU
		{8FBE4FF9-BD75-4750-A45C-2C1906A01EB6}.AppStore|x64.ActiveCfg = Release|Any CPU
		{8FBE4FF9-BD75-4750-A45C-2C1906A01EB6}.AppStore|x64.Build.0 = Release|Any CPU
		{8FBE4FF9-BD75-4750-A45C-2C1906A01EB6}.AppStore|x86.ActiveCfg = Release|Any CPU
		{8FBE4FF9-BD75-4750-A45C-2C1906A01EB6}.AppStore|x86.Build.0 = Release|Any CPU
		{8FBE4FF9-BD75-4750-A45C-2C1906A01EB6}.Debug|Any CPU.ActiveCfg = Debug|Any CPU
		{8FBE4FF9-BD75-4750-A45C-2C1906A01EB6}.Debug|Any CPU.Build.0 = Debug|Any CPU
		{8FBE4FF9-BD75-4750-A45C-2C1906A01EB6}.Debug|ARM.ActiveCfg = Debug|Any CPU
		{8FBE4FF9-BD75-4750-A45C-2C1906A01EB6}.Debug|ARM.Build.0 = Debug|Any CPU
		{8FBE4FF9-BD75-4750-A45C-2C1906A01EB6}.Debug|iPhone.ActiveCfg = Debug|Any CPU
		{8FBE4FF9-BD75-4750-A45C-2C1906A01EB6}.Debug|iPhone.Build.0 = Debug|Any CPU
		{8FBE4FF9-BD75-4750-A45C-2C1906A01EB6}.Debug|iPhoneSimulator.ActiveCfg = Debug|Any CPU
		{8FBE4FF9-BD75-4750-A45C-2C1906A01EB6}.Debug|iPhoneSimulator.Build.0 = Debug|Any CPU
		{8FBE4FF9-BD75-4750-A45C-2C1906A01EB6}.Debug|x64.ActiveCfg = Debug|Any CPU
		{8FBE4FF9-BD75-4750-A45C-2C1906A01EB6}.Debug|x64.Build.0 = Debug|Any CPU
		{8FBE4FF9-BD75-4750-A45C-2C1906A01EB6}.Debug|x86.ActiveCfg = Debug|Any CPU
		{8FBE4FF9-BD75-4750-A45C-2C1906A01EB6}.Debug|x86.Build.0 = Debug|Any CPU
		{8FBE4FF9-BD75-4750-A45C-2C1906A01EB6}.Release|Any CPU.ActiveCfg = Release|Any CPU
		{8FBE4FF9-BD75-4750-A45C-2C1906A01EB6}.Release|Any CPU.Build.0 = Release|Any CPU
		{8FBE4FF9-BD75-4750-A45C-2C1906A01EB6}.Release|ARM.ActiveCfg = Release|Any CPU
		{8FBE4FF9-BD75-4750-A45C-2C1906A01EB6}.Release|ARM.Build.0 = Release|Any CPU
		{8FBE4FF9-BD75-4750-A45C-2C1906A01EB6}.Release|iPhone.ActiveCfg = Release|Any CPU
		{8FBE4FF9-BD75-4750-A45C-2C1906A01EB6}.Release|iPhone.Build.0 = Release|Any CPU
		{8FBE4FF9-BD75-4750-A45C-2C1906A01EB6}.Release|iPhoneSimulator.ActiveCfg = Release|Any CPU
		{8FBE4FF9-BD75-4750-A45C-2C1906A01EB6}.Release|iPhoneSimulator.Build.0 = Release|Any CPU
		{8FBE4FF9-BD75-4750-A45C-2C1906A01EB6}.Release|x64.ActiveCfg = Release|Any CPU
		{8FBE4FF9-BD75-4750-A45C-2C1906A01EB6}.Release|x64.Build.0 = Release|Any CPU
		{8FBE4FF9-BD75-4750-A45C-2C1906A01EB6}.Release|x86.ActiveCfg = Release|Any CPU
		{8FBE4FF9-BD75-4750-A45C-2C1906A01EB6}.Release|x86.Build.0 = Release|Any CPU
		{2B5933B6-FCA1-45AA-A0A1-FE33A3CCF295}.Ad-Hoc|Any CPU.ActiveCfg = Release|Any CPU
		{2B5933B6-FCA1-45AA-A0A1-FE33A3CCF295}.Ad-Hoc|Any CPU.Build.0 = Release|Any CPU
		{2B5933B6-FCA1-45AA-A0A1-FE33A3CCF295}.Ad-Hoc|ARM.ActiveCfg = Release|Any CPU
		{2B5933B6-FCA1-45AA-A0A1-FE33A3CCF295}.Ad-Hoc|ARM.Build.0 = Release|Any CPU
		{2B5933B6-FCA1-45AA-A0A1-FE33A3CCF295}.Ad-Hoc|iPhone.ActiveCfg = Release|Any CPU
		{2B5933B6-FCA1-45AA-A0A1-FE33A3CCF295}.Ad-Hoc|iPhone.Build.0 = Release|Any CPU
		{2B5933B6-FCA1-45AA-A0A1-FE33A3CCF295}.Ad-Hoc|iPhoneSimulator.ActiveCfg = Release|Any CPU
		{2B5933B6-FCA1-45AA-A0A1-FE33A3CCF295}.Ad-Hoc|iPhoneSimulator.Build.0 = Release|Any CPU
		{2B5933B6-FCA1-45AA-A0A1-FE33A3CCF295}.Ad-Hoc|x64.ActiveCfg = Release|Any CPU
		{2B5933B6-FCA1-45AA-A0A1-FE33A3CCF295}.Ad-Hoc|x64.Build.0 = Release|Any CPU
		{2B5933B6-FCA1-45AA-A0A1-FE33A3CCF295}.Ad-Hoc|x86.ActiveCfg = Release|Any CPU
		{2B5933B6-FCA1-45AA-A0A1-FE33A3CCF295}.Ad-Hoc|x86.Build.0 = Release|Any CPU
		{2B5933B6-FCA1-45AA-A0A1-FE33A3CCF295}.AppStore|Any CPU.ActiveCfg = Release|Any CPU
		{2B5933B6-FCA1-45AA-A0A1-FE33A3CCF295}.AppStore|Any CPU.Build.0 = Release|Any CPU
		{2B5933B6-FCA1-45AA-A0A1-FE33A3CCF295}.AppStore|ARM.ActiveCfg = Release|Any CPU
		{2B5933B6-FCA1-45AA-A0A1-FE33A3CCF295}.AppStore|ARM.Build.0 = Release|Any CPU
		{2B5933B6-FCA1-45AA-A0A1-FE33A3CCF295}.AppStore|iPhone.ActiveCfg = Release|Any CPU
		{2B5933B6-FCA1-45AA-A0A1-FE33A3CCF295}.AppStore|iPhone.Build.0 = Release|Any CPU
		{2B5933B6-FCA1-45AA-A0A1-FE33A3CCF295}.AppStore|iPhoneSimulator.ActiveCfg = Release|Any CPU
		{2B5933B6-FCA1-45AA-A0A1-FE33A3CCF295}.AppStore|iPhoneSimulator.Build.0 = Release|Any CPU
		{2B5933B6-FCA1-45AA-A0A1-FE33A3CCF295}.AppStore|x64.ActiveCfg = Release|Any CPU
		{2B5933B6-FCA1-45AA-A0A1-FE33A3CCF295}.AppStore|x64.Build.0 = Release|Any CPU
		{2B5933B6-FCA1-45AA-A0A1-FE33A3CCF295}.AppStore|x86.ActiveCfg = Release|Any CPU
		{2B5933B6-FCA1-45AA-A0A1-FE33A3CCF295}.AppStore|x86.Build.0 = Release|Any CPU
		{2B5933B6-FCA1-45AA-A0A1-FE33A3CCF295}.Debug|Any CPU.ActiveCfg = Debug|Any CPU
		{2B5933B6-FCA1-45AA-A0A1-FE33A3CCF295}.Debug|Any CPU.Build.0 = Debug|Any CPU
		{2B5933B6-FCA1-45AA-A0A1-FE33A3CCF295}.Debug|ARM.ActiveCfg = Debug|Any CPU
		{2B5933B6-FCA1-45AA-A0A1-FE33A3CCF295}.Debug|ARM.Build.0 = Debug|Any CPU
		{2B5933B6-FCA1-45AA-A0A1-FE33A3CCF295}.Debug|iPhone.ActiveCfg = Debug|Any CPU
		{2B5933B6-FCA1-45AA-A0A1-FE33A3CCF295}.Debug|iPhone.Build.0 = Debug|Any CPU
		{2B5933B6-FCA1-45AA-A0A1-FE33A3CCF295}.Debug|iPhoneSimulator.ActiveCfg = Debug|Any CPU
		{2B5933B6-FCA1-45AA-A0A1-FE33A3CCF295}.Debug|iPhoneSimulator.Build.0 = Debug|Any CPU
		{2B5933B6-FCA1-45AA-A0A1-FE33A3CCF295}.Debug|x64.ActiveCfg = Debug|Any CPU
		{2B5933B6-FCA1-45AA-A0A1-FE33A3CCF295}.Debug|x64.Build.0 = Debug|Any CPU
		{2B5933B6-FCA1-45AA-A0A1-FE33A3CCF295}.Debug|x86.ActiveCfg = Debug|Any CPU
		{2B5933B6-FCA1-45AA-A0A1-FE33A3CCF295}.Debug|x86.Build.0 = Debug|Any CPU
		{2B5933B6-FCA1-45AA-A0A1-FE33A3CCF295}.Release|Any CPU.ActiveCfg = Release|Any CPU
		{2B5933B6-FCA1-45AA-A0A1-FE33A3CCF295}.Release|Any CPU.Build.0 = Release|Any CPU
		{2B5933B6-FCA1-45AA-A0A1-FE33A3CCF295}.Release|ARM.ActiveCfg = Release|Any CPU
		{2B5933B6-FCA1-45AA-A0A1-FE33A3CCF295}.Release|ARM.Build.0 = Release|Any CPU
		{2B5933B6-FCA1-45AA-A0A1-FE33A3CCF295}.Release|iPhone.ActiveCfg = Release|Any CPU
		{2B5933B6-FCA1-45AA-A0A1-FE33A3CCF295}.Release|iPhone.Build.0 = Release|Any CPU
		{2B5933B6-FCA1-45AA-A0A1-FE33A3CCF295}.Release|iPhoneSimulator.ActiveCfg = Release|Any CPU
		{2B5933B6-FCA1-45AA-A0A1-FE33A3CCF295}.Release|iPhoneSimulator.Build.0 = Release|Any CPU
		{2B5933B6-FCA1-45AA-A0A1-FE33A3CCF295}.Release|x64.ActiveCfg = Release|Any CPU
		{2B5933B6-FCA1-45AA-A0A1-FE33A3CCF295}.Release|x64.Build.0 = Release|Any CPU
		{2B5933B6-FCA1-45AA-A0A1-FE33A3CCF295}.Release|x86.ActiveCfg = Release|Any CPU
		{2B5933B6-FCA1-45AA-A0A1-FE33A3CCF295}.Release|x86.Build.0 = Release|Any CPU
		{54981656-CCF0-432A-8686-E1CAEE66B023}.Ad-Hoc|Any CPU.ActiveCfg = Debug|Any CPU
		{54981656-CCF0-432A-8686-E1CAEE66B023}.Ad-Hoc|Any CPU.Build.0 = Debug|Any CPU
		{54981656-CCF0-432A-8686-E1CAEE66B023}.Ad-Hoc|ARM.ActiveCfg = Debug|Any CPU
		{54981656-CCF0-432A-8686-E1CAEE66B023}.Ad-Hoc|ARM.Build.0 = Debug|Any CPU
		{54981656-CCF0-432A-8686-E1CAEE66B023}.Ad-Hoc|iPhone.ActiveCfg = Debug|Any CPU
		{54981656-CCF0-432A-8686-E1CAEE66B023}.Ad-Hoc|iPhone.Build.0 = Debug|Any CPU
		{54981656-CCF0-432A-8686-E1CAEE66B023}.Ad-Hoc|iPhoneSimulator.ActiveCfg = Debug|Any CPU
		{54981656-CCF0-432A-8686-E1CAEE66B023}.Ad-Hoc|iPhoneSimulator.Build.0 = Debug|Any CPU
		{54981656-CCF0-432A-8686-E1CAEE66B023}.Ad-Hoc|x64.ActiveCfg = Debug|Any CPU
		{54981656-CCF0-432A-8686-E1CAEE66B023}.Ad-Hoc|x64.Build.0 = Debug|Any CPU
		{54981656-CCF0-432A-8686-E1CAEE66B023}.Ad-Hoc|x86.ActiveCfg = Debug|Any CPU
		{54981656-CCF0-432A-8686-E1CAEE66B023}.Ad-Hoc|x86.Build.0 = Debug|Any CPU
		{54981656-CCF0-432A-8686-E1CAEE66B023}.AppStore|Any CPU.ActiveCfg = Debug|Any CPU
		{54981656-CCF0-432A-8686-E1CAEE66B023}.AppStore|Any CPU.Build.0 = Debug|Any CPU
		{54981656-CCF0-432A-8686-E1CAEE66B023}.AppStore|ARM.ActiveCfg = Debug|Any CPU
		{54981656-CCF0-432A-8686-E1CAEE66B023}.AppStore|ARM.Build.0 = Debug|Any CPU
		{54981656-CCF0-432A-8686-E1CAEE66B023}.AppStore|iPhone.ActiveCfg = Debug|Any CPU
		{54981656-CCF0-432A-8686-E1CAEE66B023}.AppStore|iPhone.Build.0 = Debug|Any CPU
		{54981656-CCF0-432A-8686-E1CAEE66B023}.AppStore|iPhoneSimulator.ActiveCfg = Debug|Any CPU
		{54981656-CCF0-432A-8686-E1CAEE66B023}.AppStore|iPhoneSimulator.Build.0 = Debug|Any CPU
		{54981656-CCF0-432A-8686-E1CAEE66B023}.AppStore|x64.ActiveCfg = Debug|Any CPU
		{54981656-CCF0-432A-8686-E1CAEE66B023}.AppStore|x64.Build.0 = Debug|Any CPU
		{54981656-CCF0-432A-8686-E1CAEE66B023}.AppStore|x86.ActiveCfg = Debug|Any CPU
		{54981656-CCF0-432A-8686-E1CAEE66B023}.AppStore|x86.Build.0 = Debug|Any CPU
		{54981656-CCF0-432A-8686-E1CAEE66B023}.Debug|Any CPU.ActiveCfg = Debug|Any CPU
		{54981656-CCF0-432A-8686-E1CAEE66B023}.Debug|Any CPU.Build.0 = Debug|Any CPU
		{54981656-CCF0-432A-8686-E1CAEE66B023}.Debug|ARM.ActiveCfg = Debug|Any CPU
		{54981656-CCF0-432A-8686-E1CAEE66B023}.Debug|ARM.Build.0 = Debug|Any CPU
		{54981656-CCF0-432A-8686-E1CAEE66B023}.Debug|iPhone.ActiveCfg = Debug|Any CPU
		{54981656-CCF0-432A-8686-E1CAEE66B023}.Debug|iPhone.Build.0 = Debug|Any CPU
		{54981656-CCF0-432A-8686-E1CAEE66B023}.Debug|iPhoneSimulator.ActiveCfg = Debug|Any CPU
		{54981656-CCF0-432A-8686-E1CAEE66B023}.Debug|iPhoneSimulator.Build.0 = Debug|Any CPU
		{54981656-CCF0-432A-8686-E1CAEE66B023}.Debug|x64.ActiveCfg = Debug|Any CPU
		{54981656-CCF0-432A-8686-E1CAEE66B023}.Debug|x64.Build.0 = Debug|Any CPU
		{54981656-CCF0-432A-8686-E1CAEE66B023}.Debug|x86.ActiveCfg = Debug|Any CPU
		{54981656-CCF0-432A-8686-E1CAEE66B023}.Debug|x86.Build.0 = Debug|Any CPU
		{54981656-CCF0-432A-8686-E1CAEE66B023}.Release|Any CPU.ActiveCfg = Release|Any CPU
		{54981656-CCF0-432A-8686-E1CAEE66B023}.Release|Any CPU.Build.0 = Release|Any CPU
		{54981656-CCF0-432A-8686-E1CAEE66B023}.Release|ARM.ActiveCfg = Release|Any CPU
		{54981656-CCF0-432A-8686-E1CAEE66B023}.Release|ARM.Build.0 = Release|Any CPU
		{54981656-CCF0-432A-8686-E1CAEE66B023}.Release|iPhone.ActiveCfg = Release|Any CPU
		{54981656-CCF0-432A-8686-E1CAEE66B023}.Release|iPhone.Build.0 = Release|Any CPU
		{54981656-CCF0-432A-8686-E1CAEE66B023}.Release|iPhoneSimulator.ActiveCfg = Release|Any CPU
		{54981656-CCF0-432A-8686-E1CAEE66B023}.Release|iPhoneSimulator.Build.0 = Release|Any CPU
		{54981656-CCF0-432A-8686-E1CAEE66B023}.Release|x64.ActiveCfg = Release|Any CPU
		{54981656-CCF0-432A-8686-E1CAEE66B023}.Release|x64.Build.0 = Release|Any CPU
		{54981656-CCF0-432A-8686-E1CAEE66B023}.Release|x86.ActiveCfg = Release|Any CPU
		{54981656-CCF0-432A-8686-E1CAEE66B023}.Release|x86.Build.0 = Release|Any CPU
		{55383081-0581-4E9D-A95A-A4DA84BF920E}.Ad-Hoc|Any CPU.ActiveCfg = Release|Any CPU
		{55383081-0581-4E9D-A95A-A4DA84BF920E}.Ad-Hoc|Any CPU.Build.0 = Release|Any CPU
		{55383081-0581-4E9D-A95A-A4DA84BF920E}.Ad-Hoc|Any CPU.Deploy.0 = Release|Any CPU
		{55383081-0581-4E9D-A95A-A4DA84BF920E}.Ad-Hoc|ARM.ActiveCfg = Release|Any CPU
		{55383081-0581-4E9D-A95A-A4DA84BF920E}.Ad-Hoc|ARM.Build.0 = Release|Any CPU
		{55383081-0581-4E9D-A95A-A4DA84BF920E}.Ad-Hoc|ARM.Deploy.0 = Release|Any CPU
		{55383081-0581-4E9D-A95A-A4DA84BF920E}.Ad-Hoc|iPhone.ActiveCfg = Release|Any CPU
		{55383081-0581-4E9D-A95A-A4DA84BF920E}.Ad-Hoc|iPhone.Build.0 = Release|Any CPU
		{55383081-0581-4E9D-A95A-A4DA84BF920E}.Ad-Hoc|iPhone.Deploy.0 = Release|Any CPU
		{55383081-0581-4E9D-A95A-A4DA84BF920E}.Ad-Hoc|iPhoneSimulator.ActiveCfg = Release|Any CPU
		{55383081-0581-4E9D-A95A-A4DA84BF920E}.Ad-Hoc|iPhoneSimulator.Build.0 = Release|Any CPU
		{55383081-0581-4E9D-A95A-A4DA84BF920E}.Ad-Hoc|iPhoneSimulator.Deploy.0 = Release|Any CPU
		{55383081-0581-4E9D-A95A-A4DA84BF920E}.Ad-Hoc|x64.ActiveCfg = Release|Any CPU
		{55383081-0581-4E9D-A95A-A4DA84BF920E}.Ad-Hoc|x64.Build.0 = Release|Any CPU
		{55383081-0581-4E9D-A95A-A4DA84BF920E}.Ad-Hoc|x64.Deploy.0 = Release|Any CPU
		{55383081-0581-4E9D-A95A-A4DA84BF920E}.Ad-Hoc|x86.ActiveCfg = Release|Any CPU
		{55383081-0581-4E9D-A95A-A4DA84BF920E}.Ad-Hoc|x86.Build.0 = Release|Any CPU
		{55383081-0581-4E9D-A95A-A4DA84BF920E}.Ad-Hoc|x86.Deploy.0 = Release|Any CPU
		{55383081-0581-4E9D-A95A-A4DA84BF920E}.AppStore|Any CPU.ActiveCfg = Release|Any CPU
		{55383081-0581-4E9D-A95A-A4DA84BF920E}.AppStore|Any CPU.Build.0 = Release|Any CPU
		{55383081-0581-4E9D-A95A-A4DA84BF920E}.AppStore|Any CPU.Deploy.0 = Release|Any CPU
		{55383081-0581-4E9D-A95A-A4DA84BF920E}.AppStore|ARM.ActiveCfg = Release|Any CPU
		{55383081-0581-4E9D-A95A-A4DA84BF920E}.AppStore|ARM.Build.0 = Release|Any CPU
		{55383081-0581-4E9D-A95A-A4DA84BF920E}.AppStore|ARM.Deploy.0 = Release|Any CPU
		{55383081-0581-4E9D-A95A-A4DA84BF920E}.AppStore|iPhone.ActiveCfg = Release|Any CPU
		{55383081-0581-4E9D-A95A-A4DA84BF920E}.AppStore|iPhone.Build.0 = Release|Any CPU
		{55383081-0581-4E9D-A95A-A4DA84BF920E}.AppStore|iPhone.Deploy.0 = Release|Any CPU
		{55383081-0581-4E9D-A95A-A4DA84BF920E}.AppStore|iPhoneSimulator.ActiveCfg = Release|Any CPU
		{55383081-0581-4E9D-A95A-A4DA84BF920E}.AppStore|iPhoneSimulator.Build.0 = Release|Any CPU
		{55383081-0581-4E9D-A95A-A4DA84BF920E}.AppStore|iPhoneSimulator.Deploy.0 = Release|Any CPU
		{55383081-0581-4E9D-A95A-A4DA84BF920E}.AppStore|x64.ActiveCfg = Release|Any CPU
		{55383081-0581-4E9D-A95A-A4DA84BF920E}.AppStore|x64.Build.0 = Release|Any CPU
		{55383081-0581-4E9D-A95A-A4DA84BF920E}.AppStore|x64.Deploy.0 = Release|Any CPU
		{55383081-0581-4E9D-A95A-A4DA84BF920E}.AppStore|x86.ActiveCfg = Release|Any CPU
		{55383081-0581-4E9D-A95A-A4DA84BF920E}.AppStore|x86.Build.0 = Release|Any CPU
		{55383081-0581-4E9D-A95A-A4DA84BF920E}.AppStore|x86.Deploy.0 = Release|Any CPU
		{55383081-0581-4E9D-A95A-A4DA84BF920E}.Debug|Any CPU.ActiveCfg = Debug|Any CPU
		{55383081-0581-4E9D-A95A-A4DA84BF920E}.Debug|Any CPU.Build.0 = Debug|Any CPU
		{55383081-0581-4E9D-A95A-A4DA84BF920E}.Debug|Any CPU.Deploy.0 = Debug|Any CPU
		{55383081-0581-4E9D-A95A-A4DA84BF920E}.Debug|ARM.ActiveCfg = Debug|Any CPU
		{55383081-0581-4E9D-A95A-A4DA84BF920E}.Debug|ARM.Build.0 = Debug|Any CPU
		{55383081-0581-4E9D-A95A-A4DA84BF920E}.Debug|ARM.Deploy.0 = Debug|Any CPU
		{55383081-0581-4E9D-A95A-A4DA84BF920E}.Debug|iPhone.ActiveCfg = Debug|Any CPU
		{55383081-0581-4E9D-A95A-A4DA84BF920E}.Debug|iPhone.Build.0 = Debug|Any CPU
		{55383081-0581-4E9D-A95A-A4DA84BF920E}.Debug|iPhone.Deploy.0 = Debug|Any CPU
		{55383081-0581-4E9D-A95A-A4DA84BF920E}.Debug|iPhoneSimulator.ActiveCfg = Debug|Any CPU
		{55383081-0581-4E9D-A95A-A4DA84BF920E}.Debug|iPhoneSimulator.Build.0 = Debug|Any CPU
		{55383081-0581-4E9D-A95A-A4DA84BF920E}.Debug|iPhoneSimulator.Deploy.0 = Debug|Any CPU
		{55383081-0581-4E9D-A95A-A4DA84BF920E}.Debug|x64.ActiveCfg = Debug|Any CPU
		{55383081-0581-4E9D-A95A-A4DA84BF920E}.Debug|x64.Build.0 = Debug|Any CPU
		{55383081-0581-4E9D-A95A-A4DA84BF920E}.Debug|x64.Deploy.0 = Debug|Any CPU
		{55383081-0581-4E9D-A95A-A4DA84BF920E}.Debug|x86.ActiveCfg = Debug|Any CPU
		{55383081-0581-4E9D-A95A-A4DA84BF920E}.Debug|x86.Build.0 = Debug|Any CPU
		{55383081-0581-4E9D-A95A-A4DA84BF920E}.Debug|x86.Deploy.0 = Debug|Any CPU
		{55383081-0581-4E9D-A95A-A4DA84BF920E}.Release|Any CPU.ActiveCfg = Release|Any CPU
		{55383081-0581-4E9D-A95A-A4DA84BF920E}.Release|Any CPU.Build.0 = Release|Any CPU
		{55383081-0581-4E9D-A95A-A4DA84BF920E}.Release|Any CPU.Deploy.0 = Release|Any CPU
		{55383081-0581-4E9D-A95A-A4DA84BF920E}.Release|ARM.ActiveCfg = Release|Any CPU
		{55383081-0581-4E9D-A95A-A4DA84BF920E}.Release|ARM.Build.0 = Release|Any CPU
		{55383081-0581-4E9D-A95A-A4DA84BF920E}.Release|ARM.Deploy.0 = Release|Any CPU
		{55383081-0581-4E9D-A95A-A4DA84BF920E}.Release|iPhone.ActiveCfg = Release|Any CPU
		{55383081-0581-4E9D-A95A-A4DA84BF920E}.Release|iPhone.Build.0 = Release|Any CPU
		{55383081-0581-4E9D-A95A-A4DA84BF920E}.Release|iPhone.Deploy.0 = Release|Any CPU
		{55383081-0581-4E9D-A95A-A4DA84BF920E}.Release|iPhoneSimulator.ActiveCfg = Release|Any CPU
		{55383081-0581-4E9D-A95A-A4DA84BF920E}.Release|iPhoneSimulator.Build.0 = Release|Any CPU
		{55383081-0581-4E9D-A95A-A4DA84BF920E}.Release|iPhoneSimulator.Deploy.0 = Release|Any CPU
		{55383081-0581-4E9D-A95A-A4DA84BF920E}.Release|x64.ActiveCfg = Release|Any CPU
		{55383081-0581-4E9D-A95A-A4DA84BF920E}.Release|x64.Build.0 = Release|Any CPU
		{55383081-0581-4E9D-A95A-A4DA84BF920E}.Release|x64.Deploy.0 = Release|Any CPU
		{55383081-0581-4E9D-A95A-A4DA84BF920E}.Release|x86.ActiveCfg = Release|Any CPU
		{55383081-0581-4E9D-A95A-A4DA84BF920E}.Release|x86.Build.0 = Release|Any CPU
		{55383081-0581-4E9D-A95A-A4DA84BF920E}.Release|x86.Deploy.0 = Release|Any CPU
		{573A7458-F7C9-4D48-A41D-6EEE6F32E8FA}.Ad-Hoc|Any CPU.ActiveCfg = Ad-Hoc|iPhone
		{573A7458-F7C9-4D48-A41D-6EEE6F32E8FA}.Ad-Hoc|ARM.ActiveCfg = Ad-Hoc|iPhone
		{573A7458-F7C9-4D48-A41D-6EEE6F32E8FA}.Ad-Hoc|iPhone.ActiveCfg = Ad-Hoc|iPhone
		{573A7458-F7C9-4D48-A41D-6EEE6F32E8FA}.Ad-Hoc|iPhone.Build.0 = Ad-Hoc|iPhone
		{573A7458-F7C9-4D48-A41D-6EEE6F32E8FA}.Ad-Hoc|iPhoneSimulator.ActiveCfg = Ad-Hoc|iPhoneSimulator
		{573A7458-F7C9-4D48-A41D-6EEE6F32E8FA}.Ad-Hoc|iPhoneSimulator.Build.0 = Ad-Hoc|iPhoneSimulator
		{573A7458-F7C9-4D48-A41D-6EEE6F32E8FA}.Ad-Hoc|x64.ActiveCfg = Ad-Hoc|iPhone
		{573A7458-F7C9-4D48-A41D-6EEE6F32E8FA}.Ad-Hoc|x86.ActiveCfg = Ad-Hoc|iPhone
		{573A7458-F7C9-4D48-A41D-6EEE6F32E8FA}.AppStore|Any CPU.ActiveCfg = AppStore|iPhone
		{573A7458-F7C9-4D48-A41D-6EEE6F32E8FA}.AppStore|ARM.ActiveCfg = AppStore|iPhone
		{573A7458-F7C9-4D48-A41D-6EEE6F32E8FA}.AppStore|iPhone.ActiveCfg = AppStore|iPhone
		{573A7458-F7C9-4D48-A41D-6EEE6F32E8FA}.AppStore|iPhone.Build.0 = AppStore|iPhone
		{573A7458-F7C9-4D48-A41D-6EEE6F32E8FA}.AppStore|iPhoneSimulator.ActiveCfg = AppStore|iPhoneSimulator
		{573A7458-F7C9-4D48-A41D-6EEE6F32E8FA}.AppStore|iPhoneSimulator.Build.0 = AppStore|iPhoneSimulator
		{573A7458-F7C9-4D48-A41D-6EEE6F32E8FA}.AppStore|x64.ActiveCfg = AppStore|iPhone
		{573A7458-F7C9-4D48-A41D-6EEE6F32E8FA}.AppStore|x86.ActiveCfg = AppStore|iPhone
		{573A7458-F7C9-4D48-A41D-6EEE6F32E8FA}.Debug|Any CPU.ActiveCfg = Debug|iPhone
		{573A7458-F7C9-4D48-A41D-6EEE6F32E8FA}.Debug|ARM.ActiveCfg = Debug|iPhone
		{573A7458-F7C9-4D48-A41D-6EEE6F32E8FA}.Debug|iPhone.ActiveCfg = Debug|iPhone
		{573A7458-F7C9-4D48-A41D-6EEE6F32E8FA}.Debug|iPhone.Build.0 = Debug|iPhone
		{573A7458-F7C9-4D48-A41D-6EEE6F32E8FA}.Debug|iPhoneSimulator.ActiveCfg = Debug|iPhoneSimulator
		{573A7458-F7C9-4D48-A41D-6EEE6F32E8FA}.Debug|iPhoneSimulator.Build.0 = Debug|iPhoneSimulator
		{573A7458-F7C9-4D48-A41D-6EEE6F32E8FA}.Debug|x64.ActiveCfg = Debug|iPhone
		{573A7458-F7C9-4D48-A41D-6EEE6F32E8FA}.Debug|x86.ActiveCfg = Debug|iPhone
		{573A7458-F7C9-4D48-A41D-6EEE6F32E8FA}.Release|Any CPU.ActiveCfg = Release|iPhone
		{573A7458-F7C9-4D48-A41D-6EEE6F32E8FA}.Release|ARM.ActiveCfg = Release|iPhone
		{573A7458-F7C9-4D48-A41D-6EEE6F32E8FA}.Release|iPhone.ActiveCfg = Release|iPhone
		{573A7458-F7C9-4D48-A41D-6EEE6F32E8FA}.Release|iPhone.Build.0 = Release|iPhone
		{573A7458-F7C9-4D48-A41D-6EEE6F32E8FA}.Release|iPhoneSimulator.ActiveCfg = Release|iPhoneSimulator
		{573A7458-F7C9-4D48-A41D-6EEE6F32E8FA}.Release|iPhoneSimulator.Build.0 = Release|iPhoneSimulator
		{573A7458-F7C9-4D48-A41D-6EEE6F32E8FA}.Release|x64.ActiveCfg = Release|iPhone
		{573A7458-F7C9-4D48-A41D-6EEE6F32E8FA}.Release|x86.ActiveCfg = Release|iPhone
		{429C84DA-A9D8-435B-9B46-5F5678035523}.Ad-Hoc|Any CPU.ActiveCfg = Release|x86
		{429C84DA-A9D8-435B-9B46-5F5678035523}.Ad-Hoc|Any CPU.Build.0 = Release|x86
		{429C84DA-A9D8-435B-9B46-5F5678035523}.Ad-Hoc|Any CPU.Deploy.0 = Release|x86
		{429C84DA-A9D8-435B-9B46-5F5678035523}.Ad-Hoc|ARM.ActiveCfg = Release|ARM
		{429C84DA-A9D8-435B-9B46-5F5678035523}.Ad-Hoc|ARM.Build.0 = Release|ARM
		{429C84DA-A9D8-435B-9B46-5F5678035523}.Ad-Hoc|ARM.Deploy.0 = Release|ARM
		{429C84DA-A9D8-435B-9B46-5F5678035523}.Ad-Hoc|iPhone.ActiveCfg = Release|x86
		{429C84DA-A9D8-435B-9B46-5F5678035523}.Ad-Hoc|iPhone.Build.0 = Release|x86
		{429C84DA-A9D8-435B-9B46-5F5678035523}.Ad-Hoc|iPhone.Deploy.0 = Release|x86
		{429C84DA-A9D8-435B-9B46-5F5678035523}.Ad-Hoc|iPhoneSimulator.ActiveCfg = Release|x86
		{429C84DA-A9D8-435B-9B46-5F5678035523}.Ad-Hoc|iPhoneSimulator.Build.0 = Release|x86
		{429C84DA-A9D8-435B-9B46-5F5678035523}.Ad-Hoc|iPhoneSimulator.Deploy.0 = Release|x86
		{429C84DA-A9D8-435B-9B46-5F5678035523}.Ad-Hoc|x64.ActiveCfg = Release|x64
		{429C84DA-A9D8-435B-9B46-5F5678035523}.Ad-Hoc|x64.Build.0 = Release|x64
		{429C84DA-A9D8-435B-9B46-5F5678035523}.Ad-Hoc|x64.Deploy.0 = Release|x64
		{429C84DA-A9D8-435B-9B46-5F5678035523}.Ad-Hoc|x86.ActiveCfg = Release|x86
		{429C84DA-A9D8-435B-9B46-5F5678035523}.Ad-Hoc|x86.Build.0 = Release|x86
		{429C84DA-A9D8-435B-9B46-5F5678035523}.Ad-Hoc|x86.Deploy.0 = Release|x86
		{429C84DA-A9D8-435B-9B46-5F5678035523}.AppStore|Any CPU.ActiveCfg = Release|x86
		{429C84DA-A9D8-435B-9B46-5F5678035523}.AppStore|Any CPU.Build.0 = Release|x86
		{429C84DA-A9D8-435B-9B46-5F5678035523}.AppStore|Any CPU.Deploy.0 = Release|x86
		{429C84DA-A9D8-435B-9B46-5F5678035523}.AppStore|ARM.ActiveCfg = Release|ARM
		{429C84DA-A9D8-435B-9B46-5F5678035523}.AppStore|ARM.Build.0 = Release|ARM
		{429C84DA-A9D8-435B-9B46-5F5678035523}.AppStore|ARM.Deploy.0 = Release|ARM
		{429C84DA-A9D8-435B-9B46-5F5678035523}.AppStore|iPhone.ActiveCfg = Release|x86
		{429C84DA-A9D8-435B-9B46-5F5678035523}.AppStore|iPhone.Build.0 = Release|x86
		{429C84DA-A9D8-435B-9B46-5F5678035523}.AppStore|iPhone.Deploy.0 = Release|x86
		{429C84DA-A9D8-435B-9B46-5F5678035523}.AppStore|iPhoneSimulator.ActiveCfg = Release|x86
		{429C84DA-A9D8-435B-9B46-5F5678035523}.AppStore|iPhoneSimulator.Build.0 = Release|x86
		{429C84DA-A9D8-435B-9B46-5F5678035523}.AppStore|iPhoneSimulator.Deploy.0 = Release|x86
		{429C84DA-A9D8-435B-9B46-5F5678035523}.AppStore|x64.ActiveCfg = Release|x64
		{429C84DA-A9D8-435B-9B46-5F5678035523}.AppStore|x64.Build.0 = Release|x64
		{429C84DA-A9D8-435B-9B46-5F5678035523}.AppStore|x64.Deploy.0 = Release|x64
		{429C84DA-A9D8-435B-9B46-5F5678035523}.AppStore|x86.ActiveCfg = Release|x86
		{429C84DA-A9D8-435B-9B46-5F5678035523}.AppStore|x86.Build.0 = Release|x86
		{429C84DA-A9D8-435B-9B46-5F5678035523}.AppStore|x86.Deploy.0 = Release|x86
		{429C84DA-A9D8-435B-9B46-5F5678035523}.Debug|Any CPU.ActiveCfg = Debug|x86
		{429C84DA-A9D8-435B-9B46-5F5678035523}.Debug|ARM.ActiveCfg = Debug|ARM
		{429C84DA-A9D8-435B-9B46-5F5678035523}.Debug|ARM.Build.0 = Debug|ARM
		{429C84DA-A9D8-435B-9B46-5F5678035523}.Debug|ARM.Deploy.0 = Debug|ARM
		{429C84DA-A9D8-435B-9B46-5F5678035523}.Debug|iPhone.ActiveCfg = Debug|x86
		{429C84DA-A9D8-435B-9B46-5F5678035523}.Debug|iPhoneSimulator.ActiveCfg = Debug|x86
		{429C84DA-A9D8-435B-9B46-5F5678035523}.Debug|x64.ActiveCfg = Debug|x64
		{429C84DA-A9D8-435B-9B46-5F5678035523}.Debug|x64.Build.0 = Debug|x64
		{429C84DA-A9D8-435B-9B46-5F5678035523}.Debug|x64.Deploy.0 = Debug|x64
		{429C84DA-A9D8-435B-9B46-5F5678035523}.Debug|x86.ActiveCfg = Debug|x86
		{429C84DA-A9D8-435B-9B46-5F5678035523}.Debug|x86.Build.0 = Debug|x86
		{429C84DA-A9D8-435B-9B46-5F5678035523}.Debug|x86.Deploy.0 = Debug|x86
		{429C84DA-A9D8-435B-9B46-5F5678035523}.Release|Any CPU.ActiveCfg = Release|x86
		{429C84DA-A9D8-435B-9B46-5F5678035523}.Release|ARM.ActiveCfg = Release|ARM
		{429C84DA-A9D8-435B-9B46-5F5678035523}.Release|ARM.Build.0 = Release|ARM
		{429C84DA-A9D8-435B-9B46-5F5678035523}.Release|ARM.Deploy.0 = Release|ARM
		{429C84DA-A9D8-435B-9B46-5F5678035523}.Release|iPhone.ActiveCfg = Release|x86
		{429C84DA-A9D8-435B-9B46-5F5678035523}.Release|iPhoneSimulator.ActiveCfg = Release|x86
		{429C84DA-A9D8-435B-9B46-5F5678035523}.Release|x64.ActiveCfg = Release|x64
		{429C84DA-A9D8-435B-9B46-5F5678035523}.Release|x64.Build.0 = Release|x64
		{429C84DA-A9D8-435B-9B46-5F5678035523}.Release|x64.Deploy.0 = Release|x64
		{429C84DA-A9D8-435B-9B46-5F5678035523}.Release|x86.ActiveCfg = Release|x86
		{429C84DA-A9D8-435B-9B46-5F5678035523}.Release|x86.Build.0 = Release|x86
		{429C84DA-A9D8-435B-9B46-5F5678035523}.Release|x86.Deploy.0 = Release|x86
	EndGlobalSection
	GlobalSection(SolutionProperties) = preSolution
		HideSolutionNode = FALSE
	EndGlobalSection
	GlobalSection(ExtensibilityGlobals) = postSolution
		SolutionGuid = {4185B2FC-FB17-461C-9B1E-F96B9F7FD712}
	EndGlobalSection
EndGlobal
